
Microsoft Visual Studio Solution File, Format Version 12.00
# Visual Studio Version 17
VisualStudioVersion = 17.10.35013.160
MinimumVisualStudioVersion = 10.0.40219.1
Project("{FAE04EC0-301F-11D3-BF4B-00C04F79EFBC}") = "WebShop", "WebShop\WebShop.csproj", "{E825B716-E72B-4997-B363-D0A71168E516}"
EndProject
Global
	GlobalSection(SolutionConfigurationPlatforms) = preSolution
		Debug|Any CPU = Debug|Any CPU
		Release|Any CPU = Release|Any CPU
	EndGlobalSection
	GlobalSection(ProjectConfigurationPlatforms) = postSolution
		{E825B716-E72B-4997-B363-D0A71168E516}.Debug|Any CPU.ActiveCfg = Debug|Any CPU
		{E825B716-E72B-4997-B363-D0A71168E516}.Debug|Any CPU.Build.0 = Debug|Any CPU
		{E825B716-E72B-4997-B363-D0A71168E516}.Release|Any CPU.ActiveCfg = Release|Any CPU
		{E825B716-E72B-4997-B363-D0A71168E516}.Release|Any CPU.Build.0 = Release|Any CPU
	EndGlobalSection
	GlobalSection(SolutionProperties) = preSolution
		HideSolutionNode = FALSE
	EndGlobalSection
	GlobalSection(ExtensibilityGlobals) = postSolution
		SolutionGuid = {8DE20A24-C6A7-449B-9FE6-25FF88AAA384}
	EndGlobalSection
EndGlobal
